
Microsoft Visual Studio Solution File, Format Version 12.00
# Visual Studio 14
VisualStudioVersion = 14.0.25420.1
MinimumVisualStudioVersion = 10.0.40219.1
Project("{FAE04EC0-301F-11D3-BF4B-00C04F79EFBC}") = "BlogApplication", "BlogApplication\BlogApplication.csproj", "{EF9B73CD-D352-4054-A7F2-1DFF3568BCC9}"
EndProject
Project("{FAE04EC0-301F-11D3-BF4B-00C04F79EFBC}") = "BlogApplication.Entity", "BlogApplication.Entity\BlogApplication.Entity.csproj", "{89F79045-2A31-4FC3-A526-F8936063610D}"
EndProject
Global
	GlobalSection(SolutionConfigurationPlatforms) = preSolution
		Debug|Any CPU = Debug|Any CPU
		Release|Any CPU = Release|Any CPU
	EndGlobalSection
	GlobalSection(ProjectConfigurationPlatforms) = postSolution
		{EF9B73CD-D352-4054-A7F2-1DFF3568BCC9}.Debug|Any CPU.ActiveCfg = Debug|Any CPU
		{EF9B73CD-D352-4054-A7F2-1DFF3568BCC9}.Debug|Any CPU.Build.0 = Debug|Any CPU
		{EF9B73CD-D352-4054-A7F2-1DFF3568BCC9}.Release|Any CPU.ActiveCfg = Release|Any CPU
		{EF9B73CD-D352-4054-A7F2-1DFF3568BCC9}.Release|Any CPU.Build.0 = Release|Any CPU
		{89F79045-2A31-4FC3-A526-F8936063610D}.Debug|Any CPU.ActiveCfg = Debug|Any CPU
		{89F79045-2A31-4FC3-A526-F8936063610D}.Debug|Any CPU.Build.0 = Debug|Any CPU
		{89F79045-2A31-4FC3-A526-F8936063610D}.Release|Any CPU.ActiveCfg = Release|Any CPU
		{89F79045-2A31-4FC3-A526-F8936063610D}.Release|Any CPU.Build.0 = Release|Any CPU
	EndGlobalSection
	GlobalSection(SolutionProperties) = preSolution
		HideSolutionNode = FALSE
	EndGlobalSection
EndGlobal
